
Microsoft Visual Studio Solution File, Format Version 12.00
# Visual Studio Version 17
VisualStudioVersion = 17.8.34330.188
MinimumVisualStudioVersion = 10.0.40219.1
Project("{FAE04EC0-301F-11D3-BF4B-00C04F79EFBC}") = "Getri_API_MVC_Project", "Getri_API_MVC_Project\Getri_API_MVC_Project.csproj", "{CABFAF5E-7DD8-470C-A639-90D4D8419858}"
EndProject
Global
	GlobalSection(SolutionConfigurationPlatforms) = preSolution
		Debug|Any CPU = Debug|Any CPU
		Release|Any CPU = Release|Any CPU
	EndGlobalSection
	GlobalSection(ProjectConfigurationPlatforms) = postSolution
		{CABFAF5E-7DD8-470C-A639-90D4D8419858}.Debug|Any CPU.ActiveCfg = Debug|Any CPU
		{CABFAF5E-7DD8-470C-A639-90D4D8419858}.Debug|Any CPU.Build.0 = Debug|Any CPU
		{CABFAF5E-7DD8-470C-A639-90D4D8419858}.Release|Any CPU.ActiveCfg = Release|Any CPU
		{CABFAF5E-7DD8-470C-A639-90D4D8419858}.Release|Any CPU.Build.0 = Release|Any CPU
	EndGlobalSection
	GlobalSection(SolutionProperties) = preSolution
		HideSolutionNode = FALSE
	EndGlobalSection
	GlobalSection(ExtensibilityGlobals) = postSolution
		SolutionGuid = {E49225F7-5D5D-4A2F-A056-1169CDB84DD3}
	EndGlobalSection
EndGlobal
